
Microsoft Visual Studio Solution File, Format Version 12.00
# Visual Studio Version 16
VisualStudioVersion = 16.0.29424.173
MinimumVisualStudioVersion = 10.0.40219.1
Project("{FAE04EC0-301F-11D3-BF4B-00C04F79EFBC}") = "Market", "Market\Market.csproj", "{A54FB1B6-B741-42C8-8EB0-D04EC3A256E3}"
EndProject
Global
	GlobalSection(SolutionConfigurationPlatforms) = preSolution
		Debug|Any CPU = Debug|Any CPU
		Release|Any CPU = Release|Any CPU
	EndGlobalSection
	GlobalSection(ProjectConfigurationPlatforms) = postSolution
		{A54FB1B6-B741-42C8-8EB0-D04EC3A256E3}.Debug|Any CPU.ActiveCfg = Debug|Any CPU
		{A54FB1B6-B741-42C8-8EB0-D04EC3A256E3}.Debug|Any CPU.Build.0 = Debug|Any CPU
		{A54FB1B6-B741-42C8-8EB0-D04EC3A256E3}.Release|Any CPU.ActiveCfg = Release|Any CPU
		{A54FB1B6-B741-42C8-8EB0-D04EC3A256E3}.Release|Any CPU.Build.0 = Release|Any CPU
	EndGlobalSection
	GlobalSection(SolutionProperties) = preSolution
		HideSolutionNode = FALSE
	EndGlobalSection
	GlobalSection(ExtensibilityGlobals) = postSolution
		SolutionGuid = {62BD3A21-E8C4-4660-86AC-70CDA2395930}
	EndGlobalSection
EndGlobal
